
Microsoft Visual Studio Solution File, Format Version 12.00
# Visual Studio Version 16
VisualStudioVersion = 16.0.29609.76
MinimumVisualStudioVersion = 10.0.40219.1
Project("{FAE04EC0-301F-11D3-BF4B-00C04F79EFBC}") = "T1809E.WAD.PRACT101_TrangDM2", "T1809E.WAD.PRACT101_TrangDM2\T1809E.WAD.PRACT101_TrangDM2.csproj", "{52C81ECA-EAA1-49D9-AD69-5AA6C77CF520}"
EndProject
Global
	GlobalSection(SolutionConfigurationPlatforms) = preSolution
		Debug|Any CPU = Debug|Any CPU
		Release|Any CPU = Release|Any CPU
	EndGlobalSection
	GlobalSection(ProjectConfigurationPlatforms) = postSolution
		{52C81ECA-EAA1-49D9-AD69-5AA6C77CF520}.Debug|Any CPU.ActiveCfg = Debug|Any CPU
		{52C81ECA-EAA1-49D9-AD69-5AA6C77CF520}.Debug|Any CPU.Build.0 = Debug|Any CPU
		{52C81ECA-EAA1-49D9-AD69-5AA6C77CF520}.Release|Any CPU.ActiveCfg = Release|Any CPU
		{52C81ECA-EAA1-49D9-AD69-5AA6C77CF520}.Release|Any CPU.Build.0 = Release|Any CPU
	EndGlobalSection
	GlobalSection(SolutionProperties) = preSolution
		HideSolutionNode = FALSE
	EndGlobalSection
	GlobalSection(ExtensibilityGlobals) = postSolution
		SolutionGuid = {80ED28F1-8368-4185-BDA3-ADFC8108C885}
	EndGlobalSection
EndGlobal
